
Microsoft Visual Studio Solution File, Format Version 12.00
# Visual Studio Version 16
VisualStudioVersion = 16.0.31911.196
MinimumVisualStudioVersion = 10.0.40219.1
Project("{FAE04EC0-301F-11D3-BF4B-00C04F79EFBC}") = "YAROSLAV", "YAROSLAV.csproj", "{96BB2436-1949-4E9C-BB0E-90C9A75D5BCC}"
EndProject
Global
	GlobalSection(SolutionConfigurationPlatforms) = preSolution
		Debug|Any CPU = Debug|Any CPU
		Release|Any CPU = Release|Any CPU
	EndGlobalSection
	GlobalSection(ProjectConfigurationPlatforms) = postSolution
		{96BB2436-1949-4E9C-BB0E-90C9A75D5BCC}.Debug|Any CPU.ActiveCfg = Debug|Any CPU
		{96BB2436-1949-4E9C-BB0E-90C9A75D5BCC}.Debug|Any CPU.Build.0 = Debug|Any CPU
		{96BB2436-1949-4E9C-BB0E-90C9A75D5BCC}.Release|Any CPU.ActiveCfg = Release|Any CPU
		{96BB2436-1949-4E9C-BB0E-90C9A75D5BCC}.Release|Any CPU.Build.0 = Release|Any CPU
	EndGlobalSection
	GlobalSection(SolutionProperties) = preSolution
		HideSolutionNode = FALSE
	EndGlobalSection
	GlobalSection(ExtensibilityGlobals) = postSolution
		SolutionGuid = {FD5A9703-0447-4F09-989E-B5C204734BCC}
	EndGlobalSection
EndGlobal
